
Microsoft Visual Studio Solution File, Format Version 12.00
# Visual Studio Version 16
VisualStudioVersion = 16.0.31911.196
MinimumVisualStudioVersion = 10.0.40219.1
Project("{2150E333-8FDC-42A3-9474-1A3956D46DE8}") = "Services", "Services", "{D4F78AC0-1CB4-4E19-B963-97DB5CC803C1}"
EndProject
Project("{2150E333-8FDC-42A3-9474-1A3956D46DE8}") = "Catalog", "Catalog", "{158BFA84-843A-403B-8A17-C228BFF0E02B}"
EndProject
Project("{9A19103F-16F7-4668-BE54-9A1E7A4F7556}") = "Catalog.Api", "Services\Catalog\Catalog.Api\Catalog.Api.csproj", "{0854656B-F977-4F81-A658-85936127DFEE}"
EndProject
Project("{E53339B2-1760-4266-BCC7-CA923CBCF16C}") = "docker-compose", "docker-compose.dcproj", "{99C3045B-54AE-47AF-BEAE-916725CDEB2C}"
EndProject
Project("{2150E333-8FDC-42A3-9474-1A3956D46DE8}") = "Basket", "Basket", "{6C1D7250-6899-4372-BBBC-2D5AE17B089F}"
EndProject
Project("{9A19103F-16F7-4668-BE54-9A1E7A4F7556}") = "Basket.Api", "Services\Basket\Basket.Api\Basket.Api.csproj", "{22DDA2A1-740A-411F-A446-4AB74FBF7DD6}"
EndProject
Project("{2150E333-8FDC-42A3-9474-1A3956D46DE8}") = "Discount", "Discount", "{BA4B3E3E-16D9-4A81-A8B4-9924703A15D0}"
EndProject
Project("{9A19103F-16F7-4668-BE54-9A1E7A4F7556}") = "Discount.Api", "Services\Discount\Discount.Api\Discount.Api.csproj", "{C0A5B834-64B3-4488-A00A-C2A6FC6BC4AE}"
EndProject
Project("{9A19103F-16F7-4668-BE54-9A1E7A4F7556}") = "Discount.Grpc", "Services\Discount\Discount.Grpc\Discount.Grpc.csproj", "{1D0B8B27-F3D7-4C8B-8A6E-B6128F28D3A1}"
EndProject
Project("{2150E333-8FDC-42A3-9474-1A3956D46DE8}") = "Ordering", "Ordering", "{33017C14-FF0D-4DA6-B84A-8B769D040424}"
EndProject
Project("{9A19103F-16F7-4668-BE54-9A1E7A4F7556}") = "Ordering.Api", "Services\Ordering\Ordering.Api\Ordering.Api.csproj", "{CEB54A50-B663-44CC-B8E7-AB0A5DD9F145}"
EndProject
Project("{9A19103F-16F7-4668-BE54-9A1E7A4F7556}") = "Ordering.Domain", "Services\Ordering\Ordering.Domain\Ordering.Domain.csproj", "{C6E60324-FE35-4A10-8AC2-4280EA7BDC7F}"
EndProject
Project("{9A19103F-16F7-4668-BE54-9A1E7A4F7556}") = "Ordering.Application", "Services\Ordering\Ordering.Application\Ordering.Application.csproj", "{36917659-09BD-4F30-8A4F-6D487AE74243}"
EndProject
Project("{9A19103F-16F7-4668-BE54-9A1E7A4F7556}") = "Ordering.Infrastructure", "Services\Ordering\Ordering.Infrastructure\Ordering.Infrastructure.csproj", "{E1E06EBB-A3DA-4B9A-A212-B73FE9CEFE15}"
EndProject
Project("{2150E333-8FDC-42A3-9474-1A3956D46DE8}") = "BuildingBlocks", "BuildingBlocks", "{92E69476-9ABA-405A-9561-479ED4ECBC9E}"
EndProject
Project("{9A19103F-16F7-4668-BE54-9A1E7A4F7556}") = "EventBus.Messages", "BuildingBlocks\EventBus.Messages\EventBus.Messages.csproj", "{004157BE-33A8-43F1-BD51-9FDEF4613ECE}"
EndProject
Project("{2150E333-8FDC-42A3-9474-1A3956D46DE8}") = "ApiGateways", "ApiGateways", "{A891A1A5-2BDF-4F3B-9516-81A86AF98FA3}"
EndProject
Project("{9A19103F-16F7-4668-BE54-9A1E7A4F7556}") = "OcelotApiGw", "ApiGateways\OcelotApiGw\OcelotApiGw.csproj", "{91834C20-CB96-4D16-AFA2-D639F3340D24}"
EndProject
Project("{9A19103F-16F7-4668-BE54-9A1E7A4F7556}") = "Shopping.Aggregator", "ApiGateways\Shopping.Aggregator\Shopping.Aggregator.csproj", "{24117C99-4C59-4F1F-81A2-F418D77FECFC}"
EndProject
Project("{2150E333-8FDC-42A3-9474-1A3956D46DE8}") = "WebApps", "WebApps", "{1CD40033-B9BE-4AF7-A0E7-25A4882A1E76}"
EndProject
Project("{9A19103F-16F7-4668-BE54-9A1E7A4F7556}") = "AspnetRunBasics", "WebApps\AspnetRunBasics\AspnetRunBasics.csproj", "{850044D5-EFD8-42D6-9A64-0072151B1286}"
EndProject
Global
	GlobalSection(SolutionConfigurationPlatforms) = preSolution
		Debug|Any CPU = Debug|Any CPU
		Release|Any CPU = Release|Any CPU
	EndGlobalSection
	GlobalSection(ProjectConfigurationPlatforms) = postSolution
		{0854656B-F977-4F81-A658-85936127DFEE}.Debug|Any CPU.ActiveCfg = Debug|Any CPU
		{0854656B-F977-4F81-A658-85936127DFEE}.Debug|Any CPU.Build.0 = Debug|Any CPU
		{0854656B-F977-4F81-A658-85936127DFEE}.Release|Any CPU.ActiveCfg = Release|Any CPU
		{0854656B-F977-4F81-A658-85936127DFEE}.Release|Any CPU.Build.0 = Release|Any CPU
		{99C3045B-54AE-47AF-BEAE-916725CDEB2C}.Debug|Any CPU.ActiveCfg = Debug|Any CPU
		{99C3045B-54AE-47AF-BEAE-916725CDEB2C}.Debug|Any CPU.Build.0 = Debug|Any CPU
		{99C3045B-54AE-47AF-BEAE-916725CDEB2C}.Release|Any CPU.ActiveCfg = Release|Any CPU
		{99C3045B-54AE-47AF-BEAE-916725CDEB2C}.Release|Any CPU.Build.0 = Release|Any CPU
		{22DDA2A1-740A-411F-A446-4AB74FBF7DD6}.Debug|Any CPU.ActiveCfg = Debug|Any CPU
		{22DDA2A1-740A-411F-A446-4AB74FBF7DD6}.Debug|Any CPU.Build.0 = Debug|Any CPU
		{22DDA2A1-740A-411F-A446-4AB74FBF7DD6}.Release|Any CPU.ActiveCfg = Release|Any CPU
		{22DDA2A1-740A-411F-A446-4AB74FBF7DD6}.Release|Any CPU.Build.0 = Release|Any CPU
		{C0A5B834-64B3-4488-A00A-C2A6FC6BC4AE}.Debug|Any CPU.ActiveCfg = Debug|Any CPU
		{C0A5B834-64B3-4488-A00A-C2A6FC6BC4AE}.Debug|Any CPU.Build.0 = Debug|Any CPU
		{C0A5B834-64B3-4488-A00A-C2A6FC6BC4AE}.Release|Any CPU.ActiveCfg = Release|Any CPU
		{C0A5B834-64B3-4488-A00A-C2A6FC6BC4AE}.Release|Any CPU.Build.0 = Release|Any CPU
		{1D0B8B27-F3D7-4C8B-8A6E-B6128F28D3A1}.Debug|Any CPU.ActiveCfg = Debug|Any CPU
		{1D0B8B27-F3D7-4C8B-8A6E-B6128F28D3A1}.Debug|Any CPU.Build.0 = Debug|Any CPU
		{1D0B8B27-F3D7-4C8B-8A6E-B6128F28D3A1}.Release|Any CPU.ActiveCfg = Release|Any CPU
		{1D0B8B27-F3D7-4C8B-8A6E-B6128F28D3A1}.Release|Any CPU.Build.0 = Release|Any CPU
		{CEB54A50-B663-44CC-B8E7-AB0A5DD9F145}.Debug|Any CPU.ActiveCfg = Debug|Any CPU
		{CEB54A50-B663-44CC-B8E7-AB0A5DD9F145}.Debug|Any CPU.Build.0 = Debug|Any CPU
		{CEB54A50-B663-44CC-B8E7-AB0A5DD9F145}.Release|Any CPU.ActiveCfg = Release|Any CPU
		{CEB54A50-B663-44CC-B8E7-AB0A5DD9F145}.Release|Any CPU.Build.0 = Release|Any CPU
		{C6E60324-FE35-4A10-8AC2-4280EA7BDC7F}.Debug|Any CPU.ActiveCfg = Debug|Any CPU
		{C6E60324-FE35-4A10-8AC2-4280EA7BDC7F}.Debug|Any CPU.Build.0 = Debug|Any CPU
		{C6E60324-FE35-4A10-8AC2-4280EA7BDC7F}.Release|Any CPU.ActiveCfg = Release|Any CPU
		{C6E60324-FE35-4A10-8AC2-4280EA7BDC7F}.Release|Any CPU.Build.0 = Release|Any CPU
		{36917659-09BD-4F30-8A4F-6D487AE74243}.Debug|Any CPU.ActiveCfg = Debug|Any CPU
		{36917659-09BD-4F30-8A4F-6D487AE74243}.Debug|Any CPU.Build.0 = Debug|Any CPU
		{36917659-09BD-4F30-8A4F-6D487AE74243}.Release|Any CPU.ActiveCfg = Release|Any CPU
		{36917659-09BD-4F30-8A4F-6D487AE74243}.Release|Any CPU.Build.0 = Release|Any CPU
		{E1E06EBB-A3DA-4B9A-A212-B73FE9CEFE15}.Debug|Any CPU.ActiveCfg = Debug|Any CPU
		{E1E06EBB-A3DA-4B9A-A212-B73FE9CEFE15}.Debug|Any CPU.Build.0 = Debug|Any CPU
		{E1E06EBB-A3DA-4B9A-A212-B73FE9CEFE15}.Release|Any CPU.ActiveCfg = Release|Any CPU
		{E1E06EBB-A3DA-4B9A-A212-B73FE9CEFE15}.Release|Any CPU.Build.0 = Release|Any CPU
		{004157BE-33A8-43F1-BD51-9FDEF4613ECE}.Debug|Any CPU.ActiveCfg = Debug|Any CPU
		{004157BE-33A8-43F1-BD51-9FDEF4613ECE}.Debug|Any CPU.Build.0 = Debug|Any CPU
		{004157BE-33A8-43F1-BD51-9FDEF4613ECE}.Release|Any CPU.ActiveCfg = Release|Any CPU
		{004157BE-33A8-43F1-BD51-9FDEF4613ECE}.Release|Any CPU.Build.0 = Release|Any CPU
		{91834C20-CB96-4D16-AFA2-D639F3340D24}.Debug|Any CPU.ActiveCfg = Debug|Any CPU
		{91834C20-CB96-4D16-AFA2-D639F3340D24}.Debug|Any CPU.Build.0 = Debug|Any CPU
		{91834C20-CB96-4D16-AFA2-D639F3340D24}.Release|Any CPU.ActiveCfg = Release|Any CPU
		{91834C20-CB96-4D16-AFA2-D639F3340D24}.Release|Any CPU.Build.0 = Release|Any CPU
		{24117C99-4C59-4F1F-81A2-F418D77FECFC}.Debug|Any CPU.ActiveCfg = Debug|Any CPU
		{24117C99-4C59-4F1F-81A2-F418D77FECFC}.Debug|Any CPU.Build.0 = Debug|Any CPU
		{24117C99-4C59-4F1F-81A2-F418D77FECFC}.Release|Any CPU.ActiveCfg = Release|Any CPU
		{24117C99-4C59-4F1F-81A2-F418D77FECFC}.Release|Any CPU.Build.0 = Release|Any CPU
		{850044D5-EFD8-42D6-9A64-0072151B1286}.Debug|Any CPU.ActiveCfg = Debug|Any CPU
		{850044D5-EFD8-42D6-9A64-0072151B1286}.Debug|Any CPU.Build.0 = Debug|Any CPU
		{850044D5-EFD8-42D6-9A64-0072151B1286}.Release|Any CPU.ActiveCfg = Release|Any CPU
		{850044D5-EFD8-42D6-9A64-0072151B1286}.Release|Any CPU.Build.0 = Release|Any CPU
	EndGlobalSection
	GlobalSection(SolutionProperties) = preSolution
		HideSolutionNode = FALSE
	EndGlobalSection
	GlobalSection(NestedProjects) = preSolution
		{158BFA84-843A-403B-8A17-C228BFF0E02B} = {D4F78AC0-1CB4-4E19-B963-97DB5CC803C1}
		{0854656B-F977-4F81-A658-85936127DFEE} = {158BFA84-843A-403B-8A17-C228BFF0E02B}
		{6C1D7250-6899-4372-BBBC-2D5AE17B089F} = {D4F78AC0-1CB4-4E19-B963-97DB5CC803C1}
		{22DDA2A1-740A-411F-A446-4AB74FBF7DD6} = {6C1D7250-6899-4372-BBBC-2D5AE17B089F}
		{BA4B3E3E-16D9-4A81-A8B4-9924703A15D0} = {D4F78AC0-1CB4-4E19-B963-97DB5CC803C1}
		{C0A5B834-64B3-4488-A00A-C2A6FC6BC4AE} = {BA4B3E3E-16D9-4A81-A8B4-9924703A15D0}
		{1D0B8B27-F3D7-4C8B-8A6E-B6128F28D3A1} = {BA4B3E3E-16D9-4A81-A8B4-9924703A15D0}
		{33017C14-FF0D-4DA6-B84A-8B769D040424} = {D4F78AC0-1CB4-4E19-B963-97DB5CC803C1}
		{CEB54A50-B663-44CC-B8E7-AB0A5DD9F145} = {33017C14-FF0D-4DA6-B84A-8B769D040424}
		{C6E60324-FE35-4A10-8AC2-4280EA7BDC7F} = {33017C14-FF0D-4DA6-B84A-8B769D040424}
		{36917659-09BD-4F30-8A4F-6D487AE74243} = {33017C14-FF0D-4DA6-B84A-8B769D040424}
		{E1E06EBB-A3DA-4B9A-A212-B73FE9CEFE15} = {33017C14-FF0D-4DA6-B84A-8B769D040424}
		{004157BE-33A8-43F1-BD51-9FDEF4613ECE} = {92E69476-9ABA-405A-9561-479ED4ECBC9E}
		{91834C20-CB96-4D16-AFA2-D639F3340D24} = {A891A1A5-2BDF-4F3B-9516-81A86AF98FA3}
		{24117C99-4C59-4F1F-81A2-F418D77FECFC} = {A891A1A5-2BDF-4F3B-9516-81A86AF98FA3}
		{850044D5-EFD8-42D6-9A64-0072151B1286} = {1CD40033-B9BE-4AF7-A0E7-25A4882A1E76}
	EndGlobalSection
	GlobalSection(ExtensibilityGlobals) = postSolution
		SolutionGuid = {9BC6E3E8-8927-403A-B411-1F9E902294F6}
	EndGlobalSection
EndGlobal
